
Microsoft Visual Studio Solution File, Format Version 12.00
# Visual Studio Version 16
VisualStudioVersion = 16.0.29123.88
MinimumVisualStudioVersion = 10.0.40219.1
Project("{8BC9CEB8-8B4A-11D0-8D11-00A0C91BC942}") = "MyBST", "MyBST.vcxproj", "{9FDDD4E2-5CD7-4CEA-B656-0241B11B2DB2}"
EndProject
Global
	GlobalSection(SolutionConfigurationPlatforms) = preSolution
		Debug|x64 = Debug|x64
		Debug|x86 = Debug|x86
		Release|x64 = Release|x64
		Release|x86 = Release|x86
	EndGlobalSection
	GlobalSection(ProjectConfigurationPlatforms) = postSolution
		{9FDDD4E2-5CD7-4CEA-B656-0241B11B2DB2}.Debug|x64.ActiveCfg = Debug|x64
		{9FDDD4E2-5CD7-4CEA-B656-0241B11B2DB2}.Debug|x64.Build.0 = Debug|x64
		{9FDDD4E2-5CD7-4CEA-B656-0241B11B2DB2}.Debug|x86.ActiveCfg = Debug|Win32
		{9FDDD4E2-5CD7-4CEA-B656-0241B11B2DB2}.Debug|x86.Build.0 = Debug|Win32
		{9FDDD4E2-5CD7-4CEA-B656-0241B11B2DB2}.Release|x64.ActiveCfg = Release|x64
		{9FDDD4E2-5CD7-4CEA-B656-0241B11B2DB2}.Release|x64.Build.0 = Release|x64
		{9FDDD4E2-5CD7-4CEA-B656-0241B11B2DB2}.Release|x86.ActiveCfg = Release|Win32
		{9FDDD4E2-5CD7-4CEA-B656-0241B11B2DB2}.Release|x86.Build.0 = Release|Win32
	EndGlobalSection
	GlobalSection(SolutionProperties) = preSolution
		HideSolutionNode = FALSE
	EndGlobalSection
	GlobalSection(ExtensibilityGlobals) = postSolution
		SolutionGuid = {3E690D64-F7DE-415E-B1FD-8A1009DE25FC}
	EndGlobalSection
EndGlobal
